// !$*UTF8*$!
{
	archiveVersion = 1;
	classes = {
	};
	objectVersion = 51;
	objects = {

/* Begin PBXBuildFile section */
		CAFEB1B90C9D30FDEA6F3947 /* Pods_Questionnaire.framework in Frameworks */ = {isa = PBXBuildFile; fileRef = 59CEAD07786E732061111FAE /* Pods_Questionnaire.framework */; };
		D329375C248102570039385C /* SearchResultsTableViewController.swift in Sources */ = {isa = PBXBuildFile; fileRef = D329375B248102570039385C /* SearchResultsTableViewController.swift */; };
		D329375E248112B30039385C /* StatusBlock.swift in Sources */ = {isa = PBXBuildFile; fileRef = D329375D248112B30039385C /* StatusBlock.swift */; };
		D32938EE248366200039385C /* Eureka.framework in Frameworks */ = {isa = PBXBuildFile; fileRef = D32938ED248366200039385C /* Eureka.framework */; };
		D32938F424837EFF0039385C /* LoginViewController.swift in Sources */ = {isa = PBXBuildFile; fileRef = D32938F324837EFF0039385C /* LoginViewController.swift */; };
		D329390624839C940039385C /* libc++.tbd in Frameworks */ = {isa = PBXBuildFile; fileRef = D329390524839C940039385C /* libc++.tbd */; };
		D329390E24839E490039385C /* PaperManger.swift in Sources */ = {isa = PBXBuildFile; fileRef = D329390D24839E490039385C /* PaperManger.swift */; };
		D32939102483A81E0039385C /* CreateCenterViewController.swift in Sources */ = {isa = PBXBuildFile; fileRef = D329390F2483A81E0039385C /* CreateCenterViewController.swift */; };
		D32939122483AAB50039385C /* QuestionCollectionViewCell.swift in Sources */ = {isa = PBXBuildFile; fileRef = D32939112483AAB50039385C /* QuestionCollectionViewCell.swift */; };
		D32939152483AD9A0039385C /* EditPaperViewController.swift in Sources */ = {isa = PBXBuildFile; fileRef = D32939142483AD990039385C /* EditPaperViewController.swift */; };
		D3B2F9CD2452D4BE004BC23D /* CreatePaperViewController.swift in Sources */ = {isa = PBXBuildFile; fileRef = D3B2F9CC2452D4BE004BC23D /* CreatePaperViewController.swift */; };
		D3B2F9CF2452F441004BC23D /* MyCreateViewController.swift in Sources */ = {isa = PBXBuildFile; fileRef = D3B2F9CE2452F441004BC23D /* MyCreateViewController.swift */; };
		D3B2F9D12452FFB6004BC23D /* PaperModel.swift in Sources */ = {isa = PBXBuildFile; fileRef = D3B2F9D02452FFB6004BC23D /* PaperModel.swift */; };
		D3B2F9D324530173004BC23D /* MyCreateListCell.swift in Sources */ = {isa = PBXBuildFile; fileRef = D3B2F9D224530173004BC23D /* MyCreateListCell.swift */; };
		D3B2F9D5245302B0004BC23D /* StatusCircle.swift in Sources */ = {isa = PBXBuildFile; fileRef = D3B2F9D4245302B0004BC23D /* StatusCircle.swift */; };
		D3D49C4024670A9C001F18AF /* HomeViewCell.swift in Sources */ = {isa = PBXBuildFile; fileRef = D3D49C3F24670A9C001F18AF /* HomeViewCell.swift */; };
		D3F10C93245208AC00B0EB4C /* AppDelegate.swift in Sources */ = {isa = PBXBuildFile; fileRef = D3F10C92245208AC00B0EB4C /* AppDelegate.swift */; };
		D3F10C9A245208AC00B0EB4C /* Main.storyboard in Resources */ = {isa = PBXBuildFile; fileRef = D3F10C98245208AC00B0EB4C /* Main.storyboard */; };
		D3F10C9C245208AD00B0EB4C /* Assets.xcassets in Resources */ = {isa = PBXBuildFile; fileRef = D3F10C9B245208AD00B0EB4C /* Assets.xcassets */; };
		D3F10C9F245208AD00B0EB4C /* LaunchScreen.storyboard in Resources */ = {isa = PBXBuildFile; fileRef = D3F10C9D245208AD00B0EB4C /* LaunchScreen.storyboard */; };
		D3F10CB324520B1E00B0EB4C /* HomeViewController.swift in Sources */ = {isa = PBXBuildFile; fileRef = D3F10CB224520B1E00B0EB4C /* HomeViewController.swift */; };
		D3F10CB52452C0B800B0EB4C /* UIKitExtension.swift in Sources */ = {isa = PBXBuildFile; fileRef = D3F10CB42452C0B800B0EB4C /* UIKitExtension.swift */; };
		D3F10CB72452C0C600B0EB4C /* TotalView.swift in Sources */ = {isa = PBXBuildFile; fileRef = D3F10CB62452C0C600B0EB4C /* TotalView.swift */; };
		D3F10CB92452C35400B0EB4C /* TColor.swift in Sources */ = {isa = PBXBuildFile; fileRef = D3F10CB82452C35400B0EB4C /* TColor.swift */; };
		D3F10CBC2452C8F000B0EB4C /* PartButton.swift in Sources */ = {isa = PBXBuildFile; fileRef = D3F10CBB2452C8F000B0EB4C /* PartButton.swift */; };
		D3F5013F24ACD4DB003379F1 /* PaperCompontModel.swift in Sources */ = {isa = PBXBuildFile; fileRef = D3F5013E24ACD4DB003379F1 /* PaperCompontModel.swift */; };
		D3F501DF24ADDE70003379F1 /* MyPaperModel.swift in Sources */ = {isa = PBXBuildFile; fileRef = D3F501DE24ADDE70003379F1 /* MyPaperModel.swift */; };
		D3F501E524AE021C003379F1 /* PaperQuesionModel.swift in Sources */ = {isa = PBXBuildFile; fileRef = D3F501E424AE021C003379F1 /* PaperQuesionModel.swift */; };
		D3F501EB24AF33F0003379F1 /* QuestionModel.swift in Sources */ = {isa = PBXBuildFile; fileRef = D3F501EA24AF33F0003379F1 /* QuestionModel.swift */; };
		D3F501EE24B06DFF003379F1 /* NetManager.swift in Sources */ = {isa = PBXBuildFile; fileRef = D3F501ED24B06DFF003379F1 /* NetManager.swift */; };
		D3F501F424B16C10003379F1 /* MyCreateScrollView.swift in Sources */ = {isa = PBXBuildFile; fileRef = D3F501F324B16C10003379F1 /* MyCreateScrollView.swift */; };
		D3F501FB24B37CA6003379F1 /* SettingQuerViewController.swift in Sources */ = {isa = PBXBuildFile; fileRef = D3F501FA24B37CA6003379F1 /* SettingQuerViewController.swift */; };
		D3F5020124B449F5003379F1 /* SingleAddViewController.swift in Sources */ = {isa = PBXBuildFile; fileRef = D3F5020024B449F4003379F1 /* SingleAddViewController.swift */; };
		D3F5020424B4A68A003379F1 /* MutipleAddViewController.swift in Sources */ = {isa = PBXBuildFile; fileRef = D3F5020324B4A68A003379F1 /* MutipleAddViewController.swift */; };
		D3F5020624B4A697003379F1 /* BlankAddViewController.swift in Sources */ = {isa = PBXBuildFile; fileRef = D3F5020524B4A697003379F1 /* BlankAddViewController.swift */; };
		D3F5021624B6089E003379F1 /* QuerEditViewController.swift in Sources */ = {isa = PBXBuildFile; fileRef = D3F5021424B6089E003379F1 /* QuerEditViewController.swift */; };
		D3F5021724B6089E003379F1 /* RandomQSetViewController.swift in Sources */ = {isa = PBXBuildFile; fileRef = D3F5021524B6089E003379F1 /* RandomQSetViewController.swift */; };
		D3F5021A24B714E1003379F1 /* EditPaperDelegate.swift in Sources */ = {isa = PBXBuildFile; fileRef = D3F5021924B714E1003379F1 /* EditPaperDelegate.swift */; };
		D3F5021D24B7F94E003379F1 /* MyJoinViewController.swift in Sources */ = {isa = PBXBuildFile; fileRef = D3F5021C24B7F94E003379F1 /* MyJoinViewController.swift */; };
		D3F5021F24B7FA15003379F1 /* MyJoinListCell.swift in Sources */ = {isa = PBXBuildFile; fileRef = D3F5021E24B7FA15003379F1 /* MyJoinListCell.swift */; };
		D3F77F16245AB83B00E10220 /* NewLongPressGesture.swift in Sources */ = {isa = PBXBuildFile; fileRef = D3F77F11245AB83B00E10220 /* NewLongPressGesture.swift */; };
		D3F77F17245AB83B00E10220 /* NewTapGesture.swift in Sources */ = {isa = PBXBuildFile; fileRef = D3F77F12245AB83B00E10220 /* NewTapGesture.swift */; };
		D3F77F18245AB83B00E10220 /* NewPanGesture.swift in Sources */ = {isa = PBXBuildFile; fileRef = D3F77F13245AB83B00E10220 /* NewPanGesture.swift */; };
		D3F77F19245AB83B00E10220 /* NewGestureAction.swift in Sources */ = {isa = PBXBuildFile; fileRef = D3F77F14245AB83B00E10220 /* NewGestureAction.swift */; };
		D3F77F1A245AB83B00E10220 /* NewGestureVIew+Gesture.swift in Sources */ = {isa = PBXBuildFile; fileRef = D3F77F15245AB83B00E10220 /* NewGestureVIew+Gesture.swift */; };
		D3F77F1C245AB9F000E10220 /* QuerSettingViewController.swift in Sources */ = {isa = PBXBuildFile; fileRef = D3F77F1B245AB9F000E10220 /* QuerSettingViewController.swift */; };
		D3F77FA0245FF0EE00E10220 /* SelectQCell.swift in Sources */ = {isa = PBXBuildFile; fileRef = D3F77F9F245FF0EE00E10220 /* SelectQCell.swift */; };
		D3F77FA2245FFC4000E10220 /* SelectionView.swift in Sources */ = {isa = PBXBuildFile; fileRef = D3F77FA1245FFC4000E10220 /* SelectionView.swift */; };
		D3F77FA4246067F300E10220 /* QuerSettingLabel.swift in Sources */ = {isa = PBXBuildFile; fileRef = D3F77FA3246067F300E10220 /* QuerSettingLabel.swift */; };
		D3F77FA82460782900E10220 /* AddQViewController.swift in Sources */ = {isa = PBXBuildFile; fileRef = D3F77FA72460782900E10220 /* AddQViewController.swift */; };
		D3F77FAA2460790700E10220 /* TotalFunc.swift in Sources */ = {isa = PBXBuildFile; fileRef = D3F77FA92460790700E10220 /* TotalFunc.swift */; };
/* End PBXBuildFile section */

/* Begin PBXFileReference section */
		59CEAD07786E732061111FAE /* Pods_Questionnaire.framework */ = {isa = PBXFileReference; explicitFileType = wrapper.framework; includeInIndex = 0; path = Pods_Questionnaire.framework; sourceTree = BUILT_PRODUCTS_DIR; };
		8B93D815456099ADBB2E2352 /* Pods-Questionnaire.debug.xcconfig */ = {isa = PBXFileReference; includeInIndex = 1; lastKnownFileType = text.xcconfig; name = "Pods-Questionnaire.debug.xcconfig"; path = "Target Support Files/Pods-Questionnaire/Pods-Questionnaire.debug.xcconfig"; sourceTree = "<group>"; };
		C4A150290A459D019A45D506 /* Pods-Questionnaire.release.xcconfig */ = {isa = PBXFileReference; includeInIndex = 1; lastKnownFileType = text.xcconfig; name = "Pods-Questionnaire.release.xcconfig"; path = "Target Support Files/Pods-Questionnaire/Pods-Questionnaire.release.xcconfig"; sourceTree = "<group>"; };
		D329375B248102570039385C /* SearchResultsTableViewController.swift */ = {isa = PBXFileReference; lastKnownFileType = sourcecode.swift; path = SearchResultsTableViewController.swift; sourceTree = "<group>"; };
		D329375D248112B30039385C /* StatusBlock.swift */ = {isa = PBXFileReference; lastKnownFileType = sourcecode.swift; path = StatusBlock.swift; sourceTree = "<group>"; };
		D32938ED248366200039385C /* Eureka.framework */ = {isa = PBXFileReference; explicitFileType = wrapper.framework; path = Eureka.framework; sourceTree = BUILT_PRODUCTS_DIR; };
		D32938F324837EFF0039385C /* LoginViewController.swift */ = {isa = PBXFileReference; lastKnownFileType = sourcecode.swift; path = LoginViewController.swift; sourceTree = "<group>"; };
		D32938F624839AD90039385C /* Realm.framework */ = {isa = PBXFileReference; lastKnownFileType = wrapper.framework; name = Realm.framework; path = "../SomeSource/realm-swift-5.0.1/ios/swift-11.5/Realm.framework"; sourceTree = "<group>"; };
		D32938FD24839B5C0039385C /* RealmSwift.framework */ = {isa = PBXFileReference; lastKnownFileType = wrapper.framework; name = RealmSwift.framework; path = "../SomeSource/realm-swift-5.0.1/ios/swift-11.5/RealmSwift.framework"; sourceTree = "<group>"; };
		D329390524839C940039385C /* libc++.tbd */ = {isa = PBXFileReference; lastKnownFileType = "sourcecode.text-based-dylib-definition"; name = "libc++.tbd"; path = "usr/lib/libc++.tbd"; sourceTree = SDKROOT; };
		D329390D24839E490039385C /* PaperManger.swift */ = {isa = PBXFileReference; lastKnownFileType = sourcecode.swift; path = PaperManger.swift; sourceTree = "<group>"; };
		D329390F2483A81E0039385C /* CreateCenterViewController.swift */ = {isa = PBXFileReference; lastKnownFileType = sourcecode.swift; path = CreateCenterViewController.swift; sourceTree = "<group>"; };
		D32939112483AAB50039385C /* QuestionCollectionViewCell.swift */ = {isa = PBXFileReference; lastKnownFileType = sourcecode.swift; path = QuestionCollectionViewCell.swift; sourceTree = "<group>"; };
		D32939142483AD990039385C /* EditPaperViewController.swift */ = {isa = PBXFileReference; lastKnownFileType = sourcecode.swift; path = EditPaperViewController.swift; sourceTree = "<group>"; };
		D3B2F9CC2452D4BE004BC23D /* CreatePaperViewController.swift */ = {isa = PBXFileReference; lastKnownFileType = sourcecode.swift; path = CreatePaperViewController.swift; sourceTree = "<group>"; };
		D3B2F9CE2452F441004BC23D /* MyCreateViewController.swift */ = {isa = PBXFileReference; lastKnownFileType = sourcecode.swift; path = MyCreateViewController.swift; sourceTree = "<group>"; };
		D3B2F9D02452FFB6004BC23D /* PaperModel.swift */ = {isa = PBXFileReference; lastKnownFileType = sourcecode.swift; path = PaperModel.swift; sourceTree = "<group>"; };
		D3B2F9D224530173004BC23D /* MyCreateListCell.swift */ = {isa = PBXFileReference; lastKnownFileType = sourcecode.swift; path = MyCreateListCell.swift; sourceTree = "<group>"; };
		D3B2F9D4245302B0004BC23D /* StatusCircle.swift */ = {isa = PBXFileReference; lastKnownFileType = sourcecode.swift; path = StatusCircle.swift; sourceTree = "<group>"; };
		D3D49C3F24670A9C001F18AF /* HomeViewCell.swift */ = {isa = PBXFileReference; lastKnownFileType = sourcecode.swift; path = HomeViewCell.swift; sourceTree = "<group>"; };
		D3F10C8F245208AC00B0EB4C /* Questionnaire.app */ = {isa = PBXFileReference; explicitFileType = wrapper.application; includeInIndex = 0; path = Questionnaire.app; sourceTree = BUILT_PRODUCTS_DIR; };
		D3F10C92245208AC00B0EB4C /* AppDelegate.swift */ = {isa = PBXFileReference; lastKnownFileType = sourcecode.swift; path = AppDelegate.swift; sourceTree = "<group>"; };
		D3F10C99245208AC00B0EB4C /* Base */ = {isa = PBXFileReference; lastKnownFileType = file.storyboard; name = Base; path = Base.lproj/Main.storyboard; sourceTree = "<group>"; };
		D3F10C9B245208AD00B0EB4C /* Assets.xcassets */ = {isa = PBXFileReference; lastKnownFileType = folder.assetcatalog; path = Assets.xcassets; sourceTree = "<group>"; };
		D3F10C9E245208AD00B0EB4C /* Base */ = {isa = PBXFileReference; lastKnownFileType = file.storyboard; name = Base; path = Base.lproj/LaunchScreen.storyboard; sourceTree = "<group>"; };
		D3F10CA0245208AD00B0EB4C /* Info.plist */ = {isa = PBXFileReference; lastKnownFileType = text.plist.xml; path = Info.plist; sourceTree = "<group>"; };
		D3F10CB224520B1E00B0EB4C /* HomeViewController.swift */ = {isa = PBXFileReference; lastKnownFileType = sourcecode.swift; path = HomeViewController.swift; sourceTree = "<group>"; };
		D3F10CB42452C0B800B0EB4C /* UIKitExtension.swift */ = {isa = PBXFileReference; lastKnownFileType = sourcecode.swift; path = UIKitExtension.swift; sourceTree = "<group>"; };
		D3F10CB62452C0C600B0EB4C /* TotalView.swift */ = {isa = PBXFileReference; lastKnownFileType = sourcecode.swift; path = TotalView.swift; sourceTree = "<group>"; };
		D3F10CB82452C35400B0EB4C /* TColor.swift */ = {isa = PBXFileReference; lastKnownFileType = sourcecode.swift; path = TColor.swift; sourceTree = "<group>"; };
		D3F10CBB2452C8F000B0EB4C /* PartButton.swift */ = {isa = PBXFileReference; lastKnownFileType = sourcecode.swift; path = PartButton.swift; sourceTree = "<group>"; };
		D3F5013E24ACD4DB003379F1 /* PaperCompontModel.swift */ = {isa = PBXFileReference; lastKnownFileType = sourcecode.swift; path = PaperCompontModel.swift; sourceTree = "<group>"; };
		D3F501DE24ADDE70003379F1 /* MyPaperModel.swift */ = {isa = PBXFileReference; lastKnownFileType = sourcecode.swift; path = MyPaperModel.swift; sourceTree = "<group>"; };
		D3F501E424AE021C003379F1 /* PaperQuesionModel.swift */ = {isa = PBXFileReference; lastKnownFileType = sourcecode.swift; path = PaperQuesionModel.swift; sourceTree = "<group>"; };
		D3F501EA24AF33F0003379F1 /* QuestionModel.swift */ = {isa = PBXFileReference; lastKnownFileType = sourcecode.swift; path = QuestionModel.swift; sourceTree = "<group>"; };
		D3F501ED24B06DFF003379F1 /* NetManager.swift */ = {isa = PBXFileReference; lastKnownFileType = sourcecode.swift; path = NetManager.swift; sourceTree = "<group>"; };
		D3F501F324B16C10003379F1 /* MyCreateScrollView.swift */ = {isa = PBXFileReference; lastKnownFileType = sourcecode.swift; path = MyCreateScrollView.swift; sourceTree = "<group>"; };
		D3F501FA24B37CA6003379F1 /* SettingQuerViewController.swift */ = {isa = PBXFileReference; lastKnownFileType = sourcecode.swift; path = SettingQuerViewController.swift; sourceTree = "<group>"; };
		D3F5020024B449F4003379F1 /* SingleAddViewController.swift */ = {isa = PBXFileReference; lastKnownFileType = sourcecode.swift; path = SingleAddViewController.swift; sourceTree = "<group>"; };
		D3F5020324B4A68A003379F1 /* MutipleAddViewController.swift */ = {isa = PBXFileReference; lastKnownFileType = sourcecode.swift; path = MutipleAddViewController.swift; sourceTree = "<group>"; };
		D3F5020524B4A697003379F1 /* BlankAddViewController.swift */ = {isa = PBXFileReference; lastKnownFileType = sourcecode.swift; path = BlankAddViewController.swift; sourceTree = "<group>"; };
		D3F5021424B6089E003379F1 /* QuerEditViewController.swift */ = {isa = PBXFileReference; fileEncoding = 4; lastKnownFileType = sourcecode.swift; path = QuerEditViewController.swift; sourceTree = "<group>"; };
		D3F5021524B6089E003379F1 /* RandomQSetViewController.swift */ = {isa = PBXFileReference; fileEncoding = 4; lastKnownFileType = sourcecode.swift; path = RandomQSetViewController.swift; sourceTree = "<group>"; };
		D3F5021924B714E1003379F1 /* EditPaperDelegate.swift */ = {isa = PBXFileReference; lastKnownFileType = sourcecode.swift; path = EditPaperDelegate.swift; sourceTree = "<group>"; };
		D3F5021C24B7F94E003379F1 /* MyJoinViewController.swift */ = {isa = PBXFileReference; lastKnownFileType = sourcecode.swift; path = MyJoinViewController.swift; sourceTree = "<group>"; };
		D3F5021E24B7FA15003379F1 /* MyJoinListCell.swift */ = {isa = PBXFileReference; lastKnownFileType = sourcecode.swift; path = MyJoinListCell.swift; sourceTree = "<group>"; };
		D3F77F11245AB83B00E10220 /* NewLongPressGesture.swift */ = {isa = PBXFileReference; fileEncoding = 4; lastKnownFileType = sourcecode.swift; path = NewLongPressGesture.swift; sourceTree = "<group>"; };
		D3F77F12245AB83B00E10220 /* NewTapGesture.swift */ = {isa = PBXFileReference; fileEncoding = 4; lastKnownFileType = sourcecode.swift; path = NewTapGesture.swift; sourceTree = "<group>"; };
		D3F77F13245AB83B00E10220 /* NewPanGesture.swift */ = {isa = PBXFileReference; fileEncoding = 4; lastKnownFileType = sourcecode.swift; path = NewPanGesture.swift; sourceTree = "<group>"; };
		D3F77F14245AB83B00E10220 /* NewGestureAction.swift */ = {isa = PBXFileReference; fileEncoding = 4; lastKnownFileType = sourcecode.swift; path = NewGestureAction.swift; sourceTree = "<group>"; };
		D3F77F15245AB83B00E10220 /* NewGestureVIew+Gesture.swift */ = {isa = PBXFileReference; fileEncoding = 4; lastKnownFileType = sourcecode.swift; path = "NewGestureVIew+Gesture.swift"; sourceTree = "<group>"; };
		D3F77F1B245AB9F000E10220 /* QuerSettingViewController.swift */ = {isa = PBXFileReference; lastKnownFileType = sourcecode.swift; path = QuerSettingViewController.swift; sourceTree = "<group>"; };
		D3F77F9F245FF0EE00E10220 /* SelectQCell.swift */ = {isa = PBXFileReference; lastKnownFileType = sourcecode.swift; path = SelectQCell.swift; sourceTree = "<group>"; };
		D3F77FA1245FFC4000E10220 /* SelectionView.swift */ = {isa = PBXFileReference; lastKnownFileType = sourcecode.swift; path = SelectionView.swift; sourceTree = "<group>"; };
		D3F77FA3246067F300E10220 /* QuerSettingLabel.swift */ = {isa = PBXFileReference; lastKnownFileType = sourcecode.swift; path = QuerSettingLabel.swift; sourceTree = "<group>"; };
		D3F77FA72460782900E10220 /* AddQViewController.swift */ = {isa = PBXFileReference; lastKnownFileType = sourcecode.swift; path = AddQViewController.swift; sourceTree = "<group>"; };
		D3F77FA92460790700E10220 /* TotalFunc.swift */ = {isa = PBXFileReference; lastKnownFileType = sourcecode.swift; path = TotalFunc.swift; sourceTree = "<group>"; };
/* End PBXFileReference section */

/* Begin PBXFrameworksBuildPhase section */
		D3F10C8C245208AC00B0EB4C /* Frameworks */ = {
			isa = PBXFrameworksBuildPhase;
			buildActionMask = 2147483647;
			files = (
				D329390624839C940039385C /* libc++.tbd in Frameworks */,
				CAFEB1B90C9D30FDEA6F3947 /* Pods_Questionnaire.framework in Frameworks */,
				D32938EE248366200039385C /* Eureka.framework in Frameworks */,
			);
			runOnlyForDeploymentPostprocessing = 0;
		};
/* End PBXFrameworksBuildPhase section */

/* Begin PBXGroup section */
		0EEC5E172759D36D28BCAE00 /* Frameworks */ = {
			isa = PBXGroup;
			children = (
				D329390524839C940039385C /* libc++.tbd */,
				D32938FD24839B5C0039385C /* RealmSwift.framework */,
				D32938F624839AD90039385C /* Realm.framework */,
				D32938ED248366200039385C /* Eureka.framework */,
				59CEAD07786E732061111FAE /* Pods_Questionnaire.framework */,
			);
			name = Frameworks;
			sourceTree = "<group>";
		};
		55CB4855DC993E235FFCC556 /* Pods */ = {
			isa = PBXGroup;
			children = (
				8B93D815456099ADBB2E2352 /* Pods-Questionnaire.debug.xcconfig */,
				C4A150290A459D019A45D506 /* Pods-Questionnaire.release.xcconfig */,
			);
			path = Pods;
			sourceTree = "<group>";
		};
		D32937572480FF150039385C /* Create */ = {
			isa = PBXGroup;
			children = (
				D3F5021824B714C9003379F1 /* M */,
				D32939132483AABE0039385C /* V */,
				D32937582480FF210039385C /* C */,
			);
			path = Create;
			sourceTree = "<group>";
		};
		D32937582480FF210039385C /* C */ = {
			isa = PBXGroup;
			children = (
				D3B2F9CC2452D4BE004BC23D /* CreatePaperViewController.swift */,
				D329390F2483A81E0039385C /* CreateCenterViewController.swift */,
				D32939142483AD990039385C /* EditPaperViewController.swift */,
				D3F501FA24B37CA6003379F1 /* SettingQuerViewController.swift */,
				D3F501FF24B449DB003379F1 /* AddQuesiton */,
			);
			path = C;
			sourceTree = "<group>";
		};
		D32938F124837B830039385C /* Login */ = {
			isa = PBXGroup;
			children = (
				D32938F224837EF40039385C /* C */,
			);
			path = Login;
			sourceTree = "<group>";
		};
		D32938F224837EF40039385C /* C */ = {
			isa = PBXGroup;
			children = (
				D32938F324837EFF0039385C /* LoginViewController.swift */,
			);
			path = C;
			sourceTree = "<group>";
		};
		D329390C24839E310039385C /* DataBase */ = {
			isa = PBXGroup;
			children = (
				D329390D24839E490039385C /* PaperManger.swift */,
			);
			path = DataBase;
			sourceTree = "<group>";
		};
		D32939132483AABE0039385C /* V */ = {
			isa = PBXGroup;
			children = (
				D32939112483AAB50039385C /* QuestionCollectionViewCell.swift */,
			);
			path = V;
			sourceTree = "<group>";
		};
		D3B2F9C82452D491004BC23D /* Mine */ = {
			isa = PBXGroup;
			children = (
				D3B2F9CB2452D4AE004BC23D /* M */,
				D3B2F9CA2452D4AA004BC23D /* V */,
				D3B2F9C92452D4A5004BC23D /* C */,
			);
			path = Mine;
			sourceTree = "<group>";
		};
		D3B2F9C92452D4A5004BC23D /* C */ = {
			isa = PBXGroup;
			children = (
				D3B2F9CE2452F441004BC23D /* MyCreateViewController.swift */,
				D3F5021C24B7F94E003379F1 /* MyJoinViewController.swift */,
			);
			path = C;
			sourceTree = "<group>";
		};
		D3B2F9CA2452D4AA004BC23D /* V */ = {
			isa = PBXGroup;
			children = (
				D3F501F324B16C10003379F1 /* MyCreateScrollView.swift */,
				D3B2F9D224530173004BC23D /* MyCreateListCell.swift */,
				D3F5021E24B7FA15003379F1 /* MyJoinListCell.swift */,
				D329375D248112B30039385C /* StatusBlock.swift */,
				D3B2F9D4245302B0004BC23D /* StatusCircle.swift */,
			);
			path = V;
			sourceTree = "<group>";
		};
		D3B2F9CB2452D4AE004BC23D /* M */ = {
			isa = PBXGroup;
			children = (
				D3B2F9D02452FFB6004BC23D /* PaperModel.swift */,
				D3F501E424AE021C003379F1 /* PaperQuesionModel.swift */,
				D3F501EA24AF33F0003379F1 /* QuestionModel.swift */,
				D3F501DE24ADDE70003379F1 /* MyPaperModel.swift */,
				D3F5013E24ACD4DB003379F1 /* PaperCompontModel.swift */,
			);
			path = M;
			sourceTree = "<group>";
		};
		D3F10C86245208AC00B0EB4C = {
			isa = PBXGroup;
			children = (
				D3F10C91245208AC00B0EB4C /* Questionnaire */,
				D3F10C90245208AC00B0EB4C /* Products */,
				55CB4855DC993E235FFCC556 /* Pods */,
				0EEC5E172759D36D28BCAE00 /* Frameworks */,
			);
			sourceTree = "<group>";
		};
		D3F10C90245208AC00B0EB4C /* Products */ = {
			isa = PBXGroup;
			children = (
				D3F10C8F245208AC00B0EB4C /* Questionnaire.app */,
			);
			name = Products;
			sourceTree = "<group>";
		};
		D3F10C91245208AC00B0EB4C /* Questionnaire */ = {
			isa = PBXGroup;
			children = (
				D3F10CA0245208AD00B0EB4C /* Info.plist */,
				D3F10CBA2452C72C00B0EB4C /* Appinfo */,
				D3F77F10245AB83B00E10220 /* NiceGesture */,
				D3F501EC24B06DE3003379F1 /* NetManger */,
				D329390C24839E310039385C /* DataBase */,
				D3F10CA7245209D800B0EB4C /* TotalExtension */,
				D3F77F0A245AB2C400E10220 /* Quer */,
				D32938F124837B830039385C /* Login */,
				D3F10CA6245209BB00B0EB4C /* Home */,
				D32937572480FF150039385C /* Create */,
				D3B2F9C82452D491004BC23D /* Mine */,
				D3F10CA824520A2A00B0EB4C /* Trash */,
			);
			path = Questionnaire;
			sourceTree = "<group>";
		};
		D3F10CA6245209BB00B0EB4C /* Home */ = {
			isa = PBXGroup;
			children = (
				D3F10CA924520A8500B0EB4C /* M */,
				D3F10CAA24520A8D00B0EB4C /* V */,
				D3F10CAB24520A9100B0EB4C /* C */,
			);
			path = Home;
			sourceTree = "<group>";
		};
		D3F10CA7245209D800B0EB4C /* TotalExtension */ = {
			isa = PBXGroup;
			children = (
				D3F10CAE24520AC400B0EB4C /* M */,
				D3F10CAD24520AC400B0EB4C /* V */,
				D3F10CAC24520AC400B0EB4C /* C */,
			);
			path = TotalExtension;
			sourceTree = "<group>";
		};
		D3F10CA824520A2A00B0EB4C /* Trash */ = {
			isa = PBXGroup;
			children = (
				D3F10CB124520ACD00B0EB4C /* M */,
				D3F10CB024520ACD00B0EB4C /* V */,
				D3F10CAF24520ACD00B0EB4C /* C */,
			);
			path = Trash;
			sourceTree = "<group>";
		};
		D3F10CA924520A8500B0EB4C /* M */ = {
			isa = PBXGroup;
			children = (
			);
			path = M;
			sourceTree = "<group>";
		};
		D3F10CAA24520A8D00B0EB4C /* V */ = {
			isa = PBXGroup;
			children = (
				D3F10CBB2452C8F000B0EB4C /* PartButton.swift */,
				D3D49C3F24670A9C001F18AF /* HomeViewCell.swift */,
			);
			path = V;
			sourceTree = "<group>";
		};
		D3F10CAB24520A9100B0EB4C /* C */ = {
			isa = PBXGroup;
			children = (
				D3F10CB224520B1E00B0EB4C /* HomeViewController.swift */,
				D329375B248102570039385C /* SearchResultsTableViewController.swift */,
			);
			path = C;
			sourceTree = "<group>";
		};
		D3F10CAC24520AC400B0EB4C /* C */ = {
			isa = PBXGroup;
			children = (
			);
			path = C;
			sourceTree = "<group>";
		};
		D3F10CAD24520AC400B0EB4C /* V */ = {
			isa = PBXGroup;
			children = (
				D3F10CB62452C0C600B0EB4C /* TotalView.swift */,
			);
			path = V;
			sourceTree = "<group>";
		};
		D3F10CAE24520AC400B0EB4C /* M */ = {
			isa = PBXGroup;
			children = (
				D3F10CB42452C0B800B0EB4C /* UIKitExtension.swift */,
				D3F10CB82452C35400B0EB4C /* TColor.swift */,
				D3F77FA92460790700E10220 /* TotalFunc.swift */,
			);
			path = M;
			sourceTree = "<group>";
		};
		D3F10CAF24520ACD00B0EB4C /* C */ = {
			isa = PBXGroup;
			children = (
			);
			path = C;
			sourceTree = "<group>";
		};
		D3F10CB024520ACD00B0EB4C /* V */ = {
			isa = PBXGroup;
			children = (
			);
			path = V;
			sourceTree = "<group>";
		};
		D3F10CB124520ACD00B0EB4C /* M */ = {
			isa = PBXGroup;
			children = (
			);
			path = M;
			sourceTree = "<group>";
		};
		D3F10CBA2452C72C00B0EB4C /* Appinfo */ = {
			isa = PBXGroup;
			children = (
				D3F10C92245208AC00B0EB4C /* AppDelegate.swift */,
				D3F10C98245208AC00B0EB4C /* Main.storyboard */,
				D3F10C9B245208AD00B0EB4C /* Assets.xcassets */,
				D3F10C9D245208AD00B0EB4C /* LaunchScreen.storyboard */,
			);
			path = Appinfo;
			sourceTree = "<group>";
		};
		D3F501EC24B06DE3003379F1 /* NetManger */ = {
			isa = PBXGroup;
			children = (
				D3F501ED24B06DFF003379F1 /* NetManager.swift */,
			);
			path = NetManger;
			sourceTree = "<group>";
		};
		D3F501FF24B449DB003379F1 /* AddQuesiton */ = {
			isa = PBXGroup;
			children = (
				D3F5020024B449F4003379F1 /* SingleAddViewController.swift */,
				D3F5020324B4A68A003379F1 /* MutipleAddViewController.swift */,
				D3F5020524B4A697003379F1 /* BlankAddViewController.swift */,
			);
			path = AddQuesiton;
			sourceTree = "<group>";
		};
		D3F5021824B714C9003379F1 /* M */ = {
			isa = PBXGroup;
			children = (
				D3F5021924B714E1003379F1 /* EditPaperDelegate.swift */,
			);
			path = M;
			sourceTree = "<group>";
		};
		D3F77F0A245AB2C400E10220 /* Quer */ = {
			isa = PBXGroup;
			children = (
				D3F77F0D245AB2DB00E10220 /* M */,
				D3F77F0C245AB2D400E10220 /* V */,
				D3F77F0B245AB2CF00E10220 /* C */,
			);
			path = Quer;
			sourceTree = "<group>";
		};
		D3F77F0B245AB2CF00E10220 /* C */ = {
			isa = PBXGroup;
			children = (
				D3F5021524B6089E003379F1 /* RandomQSetViewController.swift */,
				D3F77F1B245AB9F000E10220 /* QuerSettingViewController.swift */,
				D3F77FA72460782900E10220 /* AddQViewController.swift */,
			);
			path = C;
			sourceTree = "<group>";
		};
		D3F77F0C245AB2D400E10220 /* V */ = {
			isa = PBXGroup;
			children = (
				D3F77F9F245FF0EE00E10220 /* SelectQCell.swift */,
				D3F77FA1245FFC4000E10220 /* SelectionView.swift */,
				D3F5021424B6089E003379F1 /* QuerEditViewController.swift */,
				D3F77FA3246067F300E10220 /* QuerSettingLabel.swift */,
			);
			path = V;
			sourceTree = "<group>";
		};
		D3F77F0D245AB2DB00E10220 /* M */ = {
			isa = PBXGroup;
			children = (
			);
			path = M;
			sourceTree = "<group>";
		};
		D3F77F10245AB83B00E10220 /* NiceGesture */ = {
			isa = PBXGroup;
			children = (
				D3F77F11245AB83B00E10220 /* NewLongPressGesture.swift */,
				D3F77F12245AB83B00E10220 /* NewTapGesture.swift */,
				D3F77F13245AB83B00E10220 /* NewPanGesture.swift */,
				D3F77F14245AB83B00E10220 /* NewGestureAction.swift */,
				D3F77F15245AB83B00E10220 /* NewGestureVIew+Gesture.swift */,
			);
			path = NiceGesture;
			sourceTree = "<group>";
		};
/* End PBXGroup section */

/* Begin PBXNativeTarget section */
		D3F10C8E245208AC00B0EB4C /* Questionnaire */ = {
			isa = PBXNativeTarget;
			buildConfigurationList = D3F10CA3245208AD00B0EB4C /* Build configuration list for PBXNativeTarget "Questionnaire" */;
			buildPhases = (
				D981A7E093366993661ED114 /* [CP] Check Pods Manifest.lock */,
				D3F10C8B245208AC00B0EB4C /* Sources */,
				D3F10C8C245208AC00B0EB4C /* Frameworks */,
				D3F10C8D245208AC00B0EB4C /* Resources */,
				03530DCDDD18E87DB7704514 /* [CP] Embed Pods Frameworks */,
				D329390024839B7D0039385C /* ShellScript */,
			);
			buildRules = (
			);
			dependencies = (
			);
			name = Questionnaire;
			productName = Questionnaire;
			productReference = D3F10C8F245208AC00B0EB4C /* Questionnaire.app */;
			productType = "com.apple.product-type.application";
		};
/* End PBXNativeTarget section */

/* Begin PBXProject section */
		D3F10C87245208AC00B0EB4C /* Project object */ = {
			isa = PBXProject;
			attributes = {
				LastSwiftUpdateCheck = 1140;
				LastUpgradeCheck = 1140;
				ORGANIZATIONNAME = "Zr埋";
				TargetAttributes = {
					D3F10C8E245208AC00B0EB4C = {
						CreatedOnToolsVersion = 11.4.1;
					};
				};
			};
			buildConfigurationList = D3F10C8A245208AC00B0EB4C /* Build configuration list for PBXProject "Questionnaire" */;
			compatibilityVersion = "Xcode 9.3";
			developmentRegion = en;
			hasScannedForEncodings = 0;
			knownRegions = (
				en,
				Base,
			);
			mainGroup = D3F10C86245208AC00B0EB4C;
			productRefGroup = D3F10C90245208AC00B0EB4C /* Products */;
			projectDirPath = "";
			projectRoot = "";
			targets = (
				D3F10C8E245208AC00B0EB4C /* Questionnaire */,
			);
		};
/* End PBXProject section */

/* Begin PBXResourcesBuildPhase section */
		D3F10C8D245208AC00B0EB4C /* Resources */ = {
			isa = PBXResourcesBuildPhase;
			buildActionMask = 2147483647;
			files = (
				D3F10C9F245208AD00B0EB4C /* LaunchScreen.storyboard in Resources */,
				D3F10C9C245208AD00B0EB4C /* Assets.xcassets in Resources */,
				D3F10C9A245208AC00B0EB4C /* Main.storyboard in Resources */,
			);
			runOnlyForDeploymentPostprocessing = 0;
		};
/* End PBXResourcesBuildPhase section */

/* Begin PBXShellScriptBuildPhase section */
		03530DCDDD18E87DB7704514 /* [CP] Embed Pods Frameworks */ = {
			isa = PBXShellScriptBuildPhase;
			buildActionMask = 2147483647;
			files = (
			);
			inputFileListPaths = (
				"${PODS_ROOT}/Target Support Files/Pods-Questionnaire/Pods-Questionnaire-frameworks-${CONFIGURATION}-input-files.xcfilelist",
			);
			name = "[CP] Embed Pods Frameworks";
			outputFileListPaths = (
				"${PODS_ROOT}/Target Support Files/Pods-Questionnaire/Pods-Questionnaire-frameworks-${CONFIGURATION}-output-files.xcfilelist",
			);
			runOnlyForDeploymentPostprocessing = 0;
			shellPath = /bin/sh;
			shellScript = "\"${PODS_ROOT}/Target Support Files/Pods-Questionnaire/Pods-Questionnaire-frameworks.sh\"\n";
			showEnvVarsInLog = 0;
		};
		D329390024839B7D0039385C /* ShellScript */ = {
			isa = PBXShellScriptBuildPhase;
			buildActionMask = 2147483647;
			files = (
			);
			inputFileListPaths = (
			);
			inputPaths = (
			);
			outputFileListPaths = (
			);
			outputPaths = (
			);
			runOnlyForDeploymentPostprocessing = 0;
			shellPath = /bin/sh;
			shellScript = "# Type a script or drag a script file from your workspace to insert its path.\n#bash \"${BUILT_PRODUCTS_DIR}/${FRAMEWORKS_FOLDER_PATH}/Realm.framework/strip-frameworks.sh\"\n";
		};
		D981A7E093366993661ED114 /* [CP] Check Pods Manifest.lock */ = {
			isa = PBXShellScriptBuildPhase;
			buildActionMask = 2147483647;
			files = (
			);
			inputFileListPaths = (
			);
			inputPaths = (
				"${PODS_PODFILE_DIR_PATH}/Podfile.lock",
				"${PODS_ROOT}/Manifest.lock",
			);
			name = "[CP] Check Pods Manifest.lock";
			outputFileListPaths = (
			);
			outputPaths = (
				"$(DERIVED_FILE_DIR)/Pods-Questionnaire-checkManifestLockResult.txt",
			);
			runOnlyForDeploymentPostprocessing = 0;
			shellPath = /bin/sh;
			shellScript = "diff \"${PODS_PODFILE_DIR_PATH}/Podfile.lock\" \"${PODS_ROOT}/Manifest.lock\" > /dev/null\nif [ $? != 0 ] ; then\n    # print error to STDERR\n    echo \"error: The sandbox is not in sync with the Podfile.lock. Run 'pod install' or update your CocoaPods installation.\" >&2\n    exit 1\nfi\n# This output is used by Xcode 'outputs' to avoid re-running this script phase.\necho \"SUCCESS\" > \"${SCRIPT_OUTPUT_FILE_0}\"\n";
			showEnvVarsInLog = 0;
		};
/* End PBXShellScriptBuildPhase section */

/* Begin PBXSourcesBuildPhase section */
		D3F10C8B245208AC00B0EB4C /* Sources */ = {
			isa = PBXSourcesBuildPhase;
			buildActionMask = 2147483647;
			files = (
				D3F10CB92452C35400B0EB4C /* TColor.swift in Sources */,
				D3F5013F24ACD4DB003379F1 /* PaperCompontModel.swift in Sources */,
				D3F5020424B4A68A003379F1 /* MutipleAddViewController.swift in Sources */,
				D32939102483A81E0039385C /* CreateCenterViewController.swift in Sources */,
				D3F5021A24B714E1003379F1 /* EditPaperDelegate.swift in Sources */,
				D329390E24839E490039385C /* PaperManger.swift in Sources */,
				D3F10C93245208AC00B0EB4C /* AppDelegate.swift in Sources */,
				D3F501DF24ADDE70003379F1 /* MyPaperModel.swift in Sources */,
				D3F501FB24B37CA6003379F1 /* SettingQuerViewController.swift in Sources */,
				D3F77F16245AB83B00E10220 /* NewLongPressGesture.swift in Sources */,
				D32938F424837EFF0039385C /* LoginViewController.swift in Sources */,
				D3F77FA2245FFC4000E10220 /* SelectionView.swift in Sources */,
				D3B2F9CD2452D4BE004BC23D /* CreatePaperViewController.swift in Sources */,
				D3F5020624B4A697003379F1 /* BlankAddViewController.swift in Sources */,
				D3B2F9D12452FFB6004BC23D /* PaperModel.swift in Sources */,
				D3B2F9D5245302B0004BC23D /* StatusCircle.swift in Sources */,
				D3F77F18245AB83B00E10220 /* NewPanGesture.swift in Sources */,
				D3F77FA0245FF0EE00E10220 /* SelectQCell.swift in Sources */,
				D3F77F1A245AB83B00E10220 /* NewGestureVIew+Gesture.swift in Sources */,
				D3F77F19245AB83B00E10220 /* NewGestureAction.swift in Sources */,
				D3F77FAA2460790700E10220 /* TotalFunc.swift in Sources */,
				D32939152483AD9A0039385C /* EditPaperViewController.swift in Sources */,
				D3F501E524AE021C003379F1 /* PaperQuesionModel.swift in Sources */,
				D3F5021F24B7FA15003379F1 /* MyJoinListCell.swift in Sources */,
				D329375C248102570039385C /* SearchResultsTableViewController.swift in Sources */,
				D3B2F9D324530173004BC23D /* MyCreateListCell.swift in Sources */,
				D3F77F17245AB83B00E10220 /* NewTapGesture.swift in Sources */,
				D3F5021D24B7F94E003379F1 /* MyJoinViewController.swift in Sources */,
				D32939122483AAB50039385C /* QuestionCollectionViewCell.swift in Sources */,
				D3F5020124B449F5003379F1 /* SingleAddViewController.swift in Sources */,
				D3B2F9CF2452F441004BC23D /* MyCreateViewController.swift in Sources */,
				D3F501EE24B06DFF003379F1 /* NetManager.swift in Sources */,
				D3F10CBC2452C8F000B0EB4C /* PartButton.swift in Sources */,
				D3F5021724B6089E003379F1 /* RandomQSetViewController.swift in Sources */,
				D3F77F1C245AB9F000E10220 /* QuerSettingViewController.swift in Sources */,
				D3F10CB72452C0C600B0EB4C /* TotalView.swift in Sources */,
				D3D49C4024670A9C001F18AF /* HomeViewCell.swift in Sources */,
				D329375E248112B30039385C /* StatusBlock.swift in Sources */,
				D3F77FA82460782900E10220 /* AddQViewController.swift in Sources */,
				D3F10CB324520B1E00B0EB4C /* HomeViewController.swift in Sources */,
				D3F77FA4246067F300E10220 /* QuerSettingLabel.swift in Sources */,
				D3F10CB52452C0B800B0EB4C /* UIKitExtension.swift in Sources */,
				D3F501EB24AF33F0003379F1 /* QuestionModel.swift in Sources */,
				D3F5021624B6089E003379F1 /* QuerEditViewController.swift in Sources */,
				D3F501F424B16C10003379F1 /* MyCreateScrollView.swift in Sources */,
			);
			runOnlyForDeploymentPostprocessing = 0;
		};
/* End PBXSourcesBuildPhase section */

/* Begin PBXVariantGroup section */
		D3F10C98245208AC00B0EB4C /* Main.storyboard */ = {
			isa = PBXVariantGroup;
			children = (
				D3F10C99245208AC00B0EB4C /* Base */,
			);
			name = Main.storyboard;
			sourceTree = "<group>";
		};
		D3F10C9D245208AD00B0EB4C /* LaunchScreen.storyboard */ = {
			isa = PBXVariantGroup;
			children = (
				D3F10C9E245208AD00B0EB4C /* Base */,
			);
			name = LaunchScreen.storyboard;
			sourceTree = "<group>";
		};
/* End PBXVariantGroup section */

/* Begin XCBuildConfiguration section */
		D3F10CA1245208AD00B0EB4C /* Debug */ = {
			isa = XCBuildConfiguration;
			buildSettings = {
				ALWAYS_SEARCH_USER_PATHS = NO;
				CLANG_ANALYZER_NONNULL = YES;
				CLANG_ANALYZER_NUMBER_OBJECT_CONVERSION = YES_AGGRESSIVE;
				CLANG_CXX_LANGUAGE_STANDARD = "gnu++14";
				CLANG_CXX_LIBRARY = "libc++";
				CLANG_ENABLE_MODULES = YES;
				CLANG_ENABLE_OBJC_ARC = YES;
				CLANG_ENABLE_OBJC_WEAK = YES;
				CLANG_WARN_BLOCK_CAPTURE_AUTORELEASING = YES;
				CLANG_WARN_BOOL_CONVERSION = YES;
				CLANG_WARN_COMMA = YES;
				CLANG_WARN_CONSTANT_CONVERSION = YES;
				CLANG_WARN_DEPRECATED_OBJC_IMPLEMENTATIONS = YES;
				CLANG_WARN_DIRECT_OBJC_ISA_USAGE = YES_ERROR;
				CLANG_WARN_DOCUMENTATION_COMMENTS = YES;
				CLANG_WARN_EMPTY_BODY = YES;
				CLANG_WARN_ENUM_CONVERSION = YES;
				CLANG_WARN_INFINITE_RECURSION = YES;
				CLANG_WARN_INT_CONVERSION = YES;
				CLANG_WARN_NON_LITERAL_NULL_CONVERSION = YES;
				CLANG_WARN_OBJC_IMPLICIT_RETAIN_SELF = YES;
				CLANG_WARN_OBJC_LITERAL_CONVERSION = YES;
				CLANG_WARN_OBJC_ROOT_CLASS = YES_ERROR;
				CLANG_WARN_RANGE_LOOP_ANALYSIS = YES;
				CLANG_WARN_STRICT_PROTOTYPES = YES;
				CLANG_WARN_SUSPICIOUS_MOVE = YES;
				CLANG_WARN_UNGUARDED_AVAILABILITY = YES_AGGRESSIVE;
				CLANG_WARN_UNREACHABLE_CODE = YES;
				CLANG_WARN__DUPLICATE_METHOD_MATCH = YES;
				COPY_PHASE_STRIP = NO;
				DEBUG_INFORMATION_FORMAT = dwarf;
				ENABLE_STRICT_OBJC_MSGSEND = YES;
				ENABLE_TESTABILITY = YES;
				GCC_C_LANGUAGE_STANDARD = gnu11;
				GCC_DYNAMIC_NO_PIC = NO;
				GCC_NO_COMMON_BLOCKS = YES;
				GCC_OPTIMIZATION_LEVEL = 0;
				GCC_PREPROCESSOR_DEFINITIONS = (
					"DEBUG=1",
					"$(inherited)",
				);
				GCC_WARN_64_TO_32_BIT_CONVERSION = YES;
				GCC_WARN_ABOUT_RETURN_TYPE = YES_ERROR;
				GCC_WARN_UNDECLARED_SELECTOR = YES;
				GCC_WARN_UNINITIALIZED_AUTOS = YES_AGGRESSIVE;
				GCC_WARN_UNUSED_FUNCTION = YES;
				GCC_WARN_UNUSED_VARIABLE = YES;
				IPHONEOS_DEPLOYMENT_TARGET = 13.4;
				MTL_ENABLE_DEBUG_INFO = INCLUDE_SOURCE;
				MTL_FAST_MATH = YES;
				ONLY_ACTIVE_ARCH = YES;
				SDKROOT = iphoneos;
				SWIFT_ACTIVE_COMPILATION_CONDITIONS = DEBUG;
				SWIFT_OPTIMIZATION_LEVEL = "-Onone";
			};
			name = Debug;
		};
		D3F10CA2245208AD00B0EB4C /* Release */ = {
			isa = XCBuildConfiguration;
			buildSettings = {
				ALWAYS_SEARCH_USER_PATHS = NO;
				CLANG_ANALYZER_NONNULL = YES;
				CLANG_ANALYZER_NUMBER_OBJECT_CONVERSION = YES_AGGRESSIVE;
				CLANG_CXX_LANGUAGE_STANDARD = "gnu++14";
				CLANG_CXX_LIBRARY = "libc++";
				CLANG_ENABLE_MODULES = YES;
				CLANG_ENABLE_OBJC_ARC = YES;
				CLANG_ENABLE_OBJC_WEAK = YES;
				CLANG_WARN_BLOCK_CAPTURE_AUTORELEASING = YES;
				CLANG_WARN_BOOL_CONVERSION = YES;
				CLANG_WARN_COMMA = YES;
				CLANG_WARN_CONSTANT_CONVERSION = YES;
				CLANG_WARN_DEPRECATED_OBJC_IMPLEMENTATIONS = YES;
				CLANG_WARN_DIRECT_OBJC_ISA_USAGE = YES_ERROR;
				CLANG_WARN_DOCUMENTATION_COMMENTS = YES;
				CLANG_WARN_EMPTY_BODY = YES;
				CLANG_WARN_ENUM_CONVERSION = YES;
				CLANG_WARN_INFINITE_RECURSION = YES;
				CLANG_WARN_INT_CONVERSION = YES;
				CLANG_WARN_NON_LITERAL_NULL_CONVERSION = YES;
				CLANG_WARN_OBJC_IMPLICIT_RETAIN_SELF = YES;
				CLANG_WARN_OBJC_LITERAL_CONVERSION = YES;
				CLANG_WARN_OBJC_ROOT_CLASS = YES_ERROR;
				CLANG_WARN_RANGE_LOOP_ANALYSIS = YES;
				CLANG_WARN_STRICT_PROTOTYPES = YES;
				CLANG_WARN_SUSPICIOUS_MOVE = YES;
				CLANG_WARN_UNGUARDED_AVAILABILITY = YES_AGGRESSIVE;
				CLANG_WARN_UNREACHABLE_CODE = YES;
				CLANG_WARN__DUPLICATE_METHOD_MATCH = YES;
				COPY_PHASE_STRIP = NO;
				DEBUG_INFORMATION_FORMAT = "dwarf-with-dsym";
				ENABLE_NS_ASSERTIONS = NO;
				ENABLE_STRICT_OBJC_MSGSEND = YES;
				GCC_C_LANGUAGE_STANDARD = gnu11;
				GCC_NO_COMMON_BLOCKS = YES;
				GCC_WARN_64_TO_32_BIT_CONVERSION = YES;
				GCC_WARN_ABOUT_RETURN_TYPE = YES_ERROR;
				GCC_WARN_UNDECLARED_SELECTOR = YES;
				GCC_WARN_UNINITIALIZED_AUTOS = YES_AGGRESSIVE;
				GCC_WARN_UNUSED_FUNCTION = YES;
				GCC_WARN_UNUSED_VARIABLE = YES;
				IPHONEOS_DEPLOYMENT_TARGET = 13.4;
				MTL_ENABLE_DEBUG_INFO = NO;
				MTL_FAST_MATH = YES;
				SDKROOT = iphoneos;
				SWIFT_COMPILATION_MODE = wholemodule;
				SWIFT_OPTIMIZATION_LEVEL = "-O";
				VALIDATE_PRODUCT = YES;
			};
			name = Release;
		};
		D3F10CA4245208AD00B0EB4C /* Debug */ = {
			isa = XCBuildConfiguration;
			baseConfigurationReference = 8B93D815456099ADBB2E2352 /* Pods-Questionnaire.debug.xcconfig */;
			buildSettings = {
				ASSETCATALOG_COMPILER_APPICON_NAME = AppIcon;
				CODE_SIGN_STYLE = Automatic;
				FRAMEWORK_SEARCH_PATHS = (
					"$(inherited)",
					"$(PROJECT_DIR)/Questionnaire",
					"$(PROJECT_DIR)",
				);
				INFOPLIST_FILE = Questionnaire/Info.plist;
				LD_RUNPATH_SEARCH_PATHS = (
					"$(inherited)",
					"@executable_path/Frameworks",
				);
				PRODUCT_BUNDLE_IDENTIFIER = zzx.Questionnaire;
				PRODUCT_NAME = "$(TARGET_NAME)";
				SWIFT_VERSION = 5.0;
				TARGETED_DEVICE_FAMILY = "1,2";
			};
			name = Debug;
		};
		D3F10CA5245208AD00B0EB4C /* Release */ = {
			isa = XCBuildConfiguration;
			baseConfigurationReference = C4A150290A459D019A45D506 /* Pods-Questionnaire.release.xcconfig */;
			buildSettings = {
				ASSETCATALOG_COMPILER_APPICON_NAME = AppIcon;
				CODE_SIGN_STYLE = Automatic;
				FRAMEWORK_SEARCH_PATHS = (
					"$(inherited)",
					"$(PROJECT_DIR)/Questionnaire",
					"$(PROJECT_DIR)",
				);
				INFOPLIST_FILE = Questionnaire/Info.plist;
				LD_RUNPATH_SEARCH_PATHS = (
					"$(inherited)",
					"@executable_path/Frameworks",
				);
				PRODUCT_BUNDLE_IDENTIFIER = zzx.Questionnaire;
				PRODUCT_NAME = "$(TARGET_NAME)";
				SWIFT_VERSION = 5.0;
				TARGETED_DEVICE_FAMILY = "1,2";
			};
			name = Release;
		};
/* End XCBuildConfiguration section */

/* Begin XCConfigurationList section */
		D3F10C8A245208AC00B0EB4C /* Build configuration list for PBXProject "Questionnaire" */ = {
			isa = XCConfigurationList;
			buildConfigurations = (
				D3F10CA1245208AD00B0EB4C /* Debug */,
				D3F10CA2245208AD00B0EB4C /* Release */,
			);
			defaultConfigurationIsVisible = 0;
			defaultConfigurationName = Release;
		};
		D3F10CA3245208AD00B0EB4C /* Build configuration list for PBXNativeTarget "Questionnaire" */ = {
			isa = XCConfigurationList;
			buildConfigurations = (
				D3F10CA4245208AD00B0EB4C /* Debug */,
				D3F10CA5245208AD00B0EB4C /* Release */,
			);
			defaultConfigurationIsVisible = 0;
			defaultConfigurationName = Release;
		};
/* End XCConfigurationList section */
	};
	rootObject = D3F10C87245208AC00B0EB4C /* Project object */;
}
